
Microsoft Visual Studio Solution File, Format Version 12.00
# Visual Studio Version 16
VisualStudioVersion = 16.0.33214.272
MinimumVisualStudioVersion = 10.0.40219.1
Project("{FAE04EC0-301F-11D3-BF4B-00C04F79EFBC}") = "Mission04_cj433", "Mission04_cj433\Mission04_cj433.csproj", "{EBAB6C27-503B-491A-ACD8-F4E4AEBDFE4F}"
EndProject
Global
	GlobalSection(SolutionConfigurationPlatforms) = preSolution
		Debug|Any CPU = Debug|Any CPU
		Release|Any CPU = Release|Any CPU
	EndGlobalSection
	GlobalSection(ProjectConfigurationPlatforms) = postSolution
		{EBAB6C27-503B-491A-ACD8-F4E4AEBDFE4F}.Debug|Any CPU.ActiveCfg = Debug|Any CPU
		{EBAB6C27-503B-491A-ACD8-F4E4AEBDFE4F}.Debug|Any CPU.Build.0 = Debug|Any CPU
		{EBAB6C27-503B-491A-ACD8-F4E4AEBDFE4F}.Release|Any CPU.ActiveCfg = Release|Any CPU
		{EBAB6C27-503B-491A-ACD8-F4E4AEBDFE4F}.Release|Any CPU.Build.0 = Release|Any CPU
	EndGlobalSection
	GlobalSection(SolutionProperties) = preSolution
		HideSolutionNode = FALSE
	EndGlobalSection
	GlobalSection(ExtensibilityGlobals) = postSolution
		SolutionGuid = {DB2E561E-12A9-4BF1-A098-4C935F7634CE}
	EndGlobalSection
EndGlobal
